
Microsoft Visual Studio Solution File, Format Version 12.00
# Visual Studio Version 17
VisualStudioVersion = 17.10.35027.167
MinimumVisualStudioVersion = 10.0.40219.1
Project("{9A19103F-16F7-4668-BE54-9A1E7A4F7556}") = "1_Calculator App", "1_Calculator App\1_Calculator App.csproj", "{1225AA02-2AE1-4AD2-96EA-C877F2EC3338}"
EndProject
Project("{9A19103F-16F7-4668-BE54-9A1E7A4F7556}") = "0_Introduction", "0_Introduction\0_Introduction.csproj", "{76B0BF1F-9EC2-46FD-B09E-6E37C6FCADA4}"
EndProject
Project("{9A19103F-16F7-4668-BE54-9A1E7A4F7556}") = "2_DataTypes", "2_DataTypes\2_DataTypes.csproj", "{650F29D0-7F59-459D-A3D3-71400028E06B}"
EndProject
Project("{9A19103F-16F7-4668-BE54-9A1E7A4F7556}") = "3_StringFunction", "3_StringFunction\3_StringFunction.csproj", "{CAADB3BA-134A-4A6C-A237-F1B858F52123}"
EndProject
Project("{9A19103F-16F7-4668-BE54-9A1E7A4F7556}") = "4_Date_Time", "4_Date_Time\4_Date_Time.csproj", "{2BBEA667-8431-4C54-87D1-6EAD9E98A440}"
EndProject
Project("{9A19103F-16F7-4668-BE54-9A1E7A4F7556}") = "5_Operators", "5_Operators\5_Operators.csproj", "{5B9FC567-4ACD-42C0-A078-A99A425D466D}"
EndProject
Project("{9A19103F-16F7-4668-BE54-9A1E7A4F7556}") = "6_Statement", "6_Statement\6_Statement.csproj", "{0CF87992-696F-470A-8863-4FE1414F940D}"
EndProject
Project("{9A19103F-16F7-4668-BE54-9A1E7A4F7556}") = "7_Nullable_Types", "7_Nullable_Types\7_Nullable_Types.csproj", "{A660190C-7147-4FCB-AAA9-F0C94CE259E1}"
EndProject
Project("{9A19103F-16F7-4668-BE54-9A1E7A4F7556}") = "8_Loop", "8_Loop\8_Loop.csproj", "{54635EBA-94D9-45E6-92F4-4BABAB4F7094}"
EndProject
Project("{9A19103F-16F7-4668-BE54-9A1E7A4F7556}") = "9_Array", "9_Array\9_Array.csproj", "{218B8A3F-8E21-47CC-BBB1-95F399FA4782}"
EndProject
Project("{9A19103F-16F7-4668-BE54-9A1E7A4F7556}") = "10_String", "10_String\10_String.csproj", "{607B0C51-54D8-404E-96C5-CE03D3F247BF}"
EndProject
Project("{9A19103F-16F7-4668-BE54-9A1E7A4F7556}") = "11_Methods", "11_Methods\11_Methods.csproj", "{0C5BDFDE-3ACD-4087-BB19-73BB1900F08D}"
EndProject
Project("{9A19103F-16F7-4668-BE54-9A1E7A4F7556}") = "12_Method_Parameter_Types", "12_Method_Parameter_Types\12_Method_Parameter_Types.csproj", "{AD08728E-226E-4828-8BC0-A1A933C6BEC4}"
EndProject
Project("{9A19103F-16F7-4668-BE54-9A1E7A4F7556}") = "13_Practise_Assignment", "13_Practise_Assignment\13_Practise_Assignment.csproj", "{0121311E-EA5C-4387-898D-6A0A10834571}"
EndProject
Project("{9A19103F-16F7-4668-BE54-9A1E7A4F7556}") = "14 Classes & Object", "14 Classes & Object\14 Classes & Object.csproj", "{AE213C52-1FE6-454D-B2E8-0C2ADDB25085}"
EndProject
Project("{9A19103F-16F7-4668-BE54-9A1E7A4F7556}") = "15_Constructor", "15_Constructor\15_Constructor.csproj", "{78336AEE-80DF-4894-BE06-E2676F607614}"
EndProject
Project("{9A19103F-16F7-4668-BE54-9A1E7A4F7556}") = "16_Inheritance", "16_Inheritance\16_Inheritance.csproj", "{23BAB539-C46F-438D-BDAD-418B8EAC070A}"
EndProject
Project("{9A19103F-16F7-4668-BE54-9A1E7A4F7556}") = "16_Inheritance_01", "16_Inheritance_01\16_Inheritance_01.csproj", "{AB8E1D01-8A69-41C5-8AA2-50448FDB654F}"
EndProject
Project("{9A19103F-16F7-4668-BE54-9A1E7A4F7556}") = "17_this_Keyword", "17_this_Keyword\17_this_Keyword.csproj", "{244324F8-DF3A-4D46-A267-913440D81AA7}"
EndProject
Project("{9A19103F-16F7-4668-BE54-9A1E7A4F7556}") = "18_Base_Keyword", "18_Base_Keyword\18_Base_Keyword.csproj", "{38666E07-2269-4485-B731-B7A6431F6B8A}"
EndProject
Project("{9A19103F-16F7-4668-BE54-9A1E7A4F7556}") = "19_Method_Hiding", "19_Method_Hiding\19_Method_Hiding.csproj", "{D9CCED42-A9C1-4C59-B057-19345B0D7615}"
EndProject
Project("{9A19103F-16F7-4668-BE54-9A1E7A4F7556}") = "20_Polymorphism_Overiding", "20_Polymorphism_Overiding\20_Polymorphism_Overiding.csproj", "{6B8A1AD4-48B2-4658-8083-2FED982E8FE9}"
EndProject
Project("{9A19103F-16F7-4668-BE54-9A1E7A4F7556}") = "20_Polymorphism_Overloading", "20_Polymorphism_Overloading\20_Polymorphism_Overloading.csproj", "{171F0D87-2E7F-40DC-BAF4-94A0F0C1826B}"
EndProject
Project("{9A19103F-16F7-4668-BE54-9A1E7A4F7556}") = "20_polymorphism_Opeartor_OverLoading", "20_polymorphism_Opeartor_OverLoading\20_polymorphism_Opeartor_OverLoading.csproj", "{784D14EB-31D7-464C-9A56-A9592022AD77}"
EndProject
Project("{9A19103F-16F7-4668-BE54-9A1E7A4F7556}") = "21_Namespace", "21_Namespace\21_Namespace.csproj", "{C0A85A7B-CBF3-419D-8B43-C6CB0A2AA960}"
EndProject
Project("{9A19103F-16F7-4668-BE54-9A1E7A4F7556}") = "22_Calculator_Library", "22_Calculator_Library\22_Calculator_Library.csproj", "{BA933B7D-4550-4DD7-A1A8-4942A9194F89}"
EndProject
Project("{9A19103F-16F7-4668-BE54-9A1E7A4F7556}") = "22_Math_Library", "22_Math_Library\22_Math_Library.csproj", "{0DDF6D00-E8C6-4969-B8C0-31B3A9DA22A6}"
EndProject
Project("{9A19103F-16F7-4668-BE54-9A1E7A4F7556}") = "23_AccessSpecifier_Assembly1", "23_AccessSpecifier_Assembly1\23_AccessSpecifier_Assembly1.csproj", "{D2DF3389-5091-4FC0-843D-67B1CDC08EF7}"
EndProject
Project("{9A19103F-16F7-4668-BE54-9A1E7A4F7556}") = "23_AccessSpecifier_Assembly2", "23_AccessSpecifier_Assembly2\23_AccessSpecifier_Assembly2.csproj", "{427781B9-62FF-4DB7-8958-8C10AA8D4EF3}"
EndProject
Project("{9A19103F-16F7-4668-BE54-9A1E7A4F7556}") = "24_Abstract", "24_Abstraction\24_Abstract.csproj", "{BAC6EE77-DACC-4264-9840-0558F3D0FF38}"
EndProject
Project("{9A19103F-16F7-4668-BE54-9A1E7A4F7556}") = "26_Interface", "25_Interface\26_Interface.csproj", "{2CB165C9-3869-41E4-84FF-E072BE5424CF}"
EndProject
Project("{9A19103F-16F7-4668-BE54-9A1E7A4F7556}") = "25_Diamond_Problem", "25_Diamond_Problem\25_Diamond_Problem.csproj", "{A5A2F461-EDF1-48B2-A85D-87B8C11A2E9F}"
EndProject
Project("{9A19103F-16F7-4668-BE54-9A1E7A4F7556}") = "26_AbstractionEncapsulation", "26_AbstractionEncapsulation\26_AbstractionEncapsulation.csproj", "{4F7EF626-B7EE-43B0-93D5-4DE08BD0C62A}"
EndProject
Project("{9A19103F-16F7-4668-BE54-9A1E7A4F7556}") = "27_Composition", "27_Composition\27_Composition.csproj", "{F097C4BB-6E3A-42A1-9481-2958F0AA238D}"
EndProject
Project("{9A19103F-16F7-4668-BE54-9A1E7A4F7556}") = "28_Property", "28_Property\28_Property.csproj", "{167CF460-96E8-4ABA-8C80-F62AB477E528}"
EndProject
Project("{9A19103F-16F7-4668-BE54-9A1E7A4F7556}") = "29_Indexer", "29_Indexer\29_Indexer.csproj", "{C7A54388-C316-45B7-84B6-082447F2D0AB}"
EndProject
Project("{9A19103F-16F7-4668-BE54-9A1E7A4F7556}") = "30_Exception", "30_Exception\30_Exception.csproj", "{A64A9A5C-4F8F-457F-9C32-9AECB4DAEDFC}"
EndProject
Project("{9A19103F-16F7-4668-BE54-9A1E7A4F7556}") = "30_Exception_1", "30_Exception_1\30_Exception_1.csproj", "{916B6026-D97E-4DB3-ABDA-26C932AFC897}"
EndProject
Project("{9A19103F-16F7-4668-BE54-9A1E7A4F7556}") = "31_CustomException", "31_CustomException\31_CustomException.csproj", "{A951E473-7456-4076-BA33-8BC7A347EAA2}"
EndProject
Project("{9A19103F-16F7-4668-BE54-9A1E7A4F7556}") = "33_ObjectType", "33_ObjectType\33_ObjectType.csproj", "{1816CFA8-17E7-46D8-8245-8106EDDA9531}"
EndProject
Project("{9A19103F-16F7-4668-BE54-9A1E7A4F7556}") = "32_Var_Dynamic_Keyword", "32_Var_Dynamic_Keyword\32_Var_Dynamic_Keyword.csproj", "{E3D43EC3-9ECD-4B13-8FF3-883A7BE65346}"
EndProject
Project("{9A19103F-16F7-4668-BE54-9A1E7A4F7556}") = "34_Sealed_class", "34_Sealed_class\34_Sealed_class.csproj", "{1CBC7B59-7128-4A35-8A41-53BB08CEF3E9}"
EndProject
Project("{9A19103F-16F7-4668-BE54-9A1E7A4F7556}") = "35_Struct", "35_Struct\35_Struct.csproj", "{0FFD7F1E-08D0-4D5C-913C-C67BD3A3CB6B}"
EndProject
Project("{9A19103F-16F7-4668-BE54-9A1E7A4F7556}") = "36_Record", "36_Record\36_Record.csproj", "{10DB1D9E-5C67-4F14-BFE4-82803CC66F9A}"
EndProject
Project("{9A19103F-16F7-4668-BE54-9A1E7A4F7556}") = "37_Enum", "37_Enum\37_Enum.csproj", "{55E5C95A-622E-4FE2-87DE-91299166287F}"
EndProject
Project("{9A19103F-16F7-4668-BE54-9A1E7A4F7556}") = "38_Generics", "38_Generics\38_Generics.csproj", "{F87D0C83-2C4E-4BF9-A309-CA91947B0096}"
EndProject
Project("{9A19103F-16F7-4668-BE54-9A1E7A4F7556}") = "38_Generics_1", "38_Generics_1\38_Generics_1.csproj", "{11713DFE-36E5-41DE-9CD3-B2D5F9E0E960}"
EndProject
Project("{9A19103F-16F7-4668-BE54-9A1E7A4F7556}") = "39_delegate", "39_delegate\39_delegate.csproj", "{A203F478-175B-4217-9EC3-5E567267634C}"
EndProject
Project("{FAE04EC0-301F-11D3-BF4B-00C04F79EFBC}") = "39_Delegate_1", "39_Delegate_1\39_Delegate_1.csproj", "{D1AB13DE-DB94-4F71-A677-28AB1A4ACA33}"
EndProject
Global
	GlobalSection(SolutionConfigurationPlatforms) = preSolution
		Debug|Any CPU = Debug|Any CPU
		Release|Any CPU = Release|Any CPU
	EndGlobalSection
	GlobalSection(ProjectConfigurationPlatforms) = postSolution
		{1225AA02-2AE1-4AD2-96EA-C877F2EC3338}.Debug|Any CPU.ActiveCfg = Debug|Any CPU
		{1225AA02-2AE1-4AD2-96EA-C877F2EC3338}.Debug|Any CPU.Build.0 = Debug|Any CPU
		{1225AA02-2AE1-4AD2-96EA-C877F2EC3338}.Release|Any CPU.ActiveCfg = Release|Any CPU
		{1225AA02-2AE1-4AD2-96EA-C877F2EC3338}.Release|Any CPU.Build.0 = Release|Any CPU
		{76B0BF1F-9EC2-46FD-B09E-6E37C6FCADA4}.Debug|Any CPU.ActiveCfg = Debug|Any CPU
		{76B0BF1F-9EC2-46FD-B09E-6E37C6FCADA4}.Debug|Any CPU.Build.0 = Debug|Any CPU
		{76B0BF1F-9EC2-46FD-B09E-6E37C6FCADA4}.Release|Any CPU.ActiveCfg = Release|Any CPU
		{76B0BF1F-9EC2-46FD-B09E-6E37C6FCADA4}.Release|Any CPU.Build.0 = Release|Any CPU
		{650F29D0-7F59-459D-A3D3-71400028E06B}.Debug|Any CPU.ActiveCfg = Debug|Any CPU
		{650F29D0-7F59-459D-A3D3-71400028E06B}.Debug|Any CPU.Build.0 = Debug|Any CPU
		{650F29D0-7F59-459D-A3D3-71400028E06B}.Release|Any CPU.ActiveCfg = Release|Any CPU
		{650F29D0-7F59-459D-A3D3-71400028E06B}.Release|Any CPU.Build.0 = Release|Any CPU
		{CAADB3BA-134A-4A6C-A237-F1B858F52123}.Debug|Any CPU.ActiveCfg = Debug|Any CPU
		{CAADB3BA-134A-4A6C-A237-F1B858F52123}.Debug|Any CPU.Build.0 = Debug|Any CPU
		{CAADB3BA-134A-4A6C-A237-F1B858F52123}.Release|Any CPU.ActiveCfg = Release|Any CPU
		{CAADB3BA-134A-4A6C-A237-F1B858F52123}.Release|Any CPU.Build.0 = Release|Any CPU
		{2BBEA667-8431-4C54-87D1-6EAD9E98A440}.Debug|Any CPU.ActiveCfg = Debug|Any CPU
		{2BBEA667-8431-4C54-87D1-6EAD9E98A440}.Debug|Any CPU.Build.0 = Debug|Any CPU
		{2BBEA667-8431-4C54-87D1-6EAD9E98A440}.Release|Any CPU.ActiveCfg = Release|Any CPU
		{2BBEA667-8431-4C54-87D1-6EAD9E98A440}.Release|Any CPU.Build.0 = Release|Any CPU
		{5B9FC567-4ACD-42C0-A078-A99A425D466D}.Debug|Any CPU.ActiveCfg = Debug|Any CPU
		{5B9FC567-4ACD-42C0-A078-A99A425D466D}.Debug|Any CPU.Build.0 = Debug|Any CPU
		{5B9FC567-4ACD-42C0-A078-A99A425D466D}.Release|Any CPU.ActiveCfg = Release|Any CPU
		{5B9FC567-4ACD-42C0-A078-A99A425D466D}.Release|Any CPU.Build.0 = Release|Any CPU
		{0CF87992-696F-470A-8863-4FE1414F940D}.Debug|Any CPU.ActiveCfg = Debug|Any CPU
		{0CF87992-696F-470A-8863-4FE1414F940D}.Debug|Any CPU.Build.0 = Debug|Any CPU
		{0CF87992-696F-470A-8863-4FE1414F940D}.Release|Any CPU.ActiveCfg = Release|Any CPU
		{0CF87992-696F-470A-8863-4FE1414F940D}.Release|Any CPU.Build.0 = Release|Any CPU
		{A660190C-7147-4FCB-AAA9-F0C94CE259E1}.Debug|Any CPU.ActiveCfg = Debug|Any CPU
		{A660190C-7147-4FCB-AAA9-F0C94CE259E1}.Debug|Any CPU.Build.0 = Debug|Any CPU
		{A660190C-7147-4FCB-AAA9-F0C94CE259E1}.Release|Any CPU.ActiveCfg = Release|Any CPU
		{A660190C-7147-4FCB-AAA9-F0C94CE259E1}.Release|Any CPU.Build.0 = Release|Any CPU
		{54635EBA-94D9-45E6-92F4-4BABAB4F7094}.Debug|Any CPU.ActiveCfg = Debug|Any CPU
		{54635EBA-94D9-45E6-92F4-4BABAB4F7094}.Debug|Any CPU.Build.0 = Debug|Any CPU
		{54635EBA-94D9-45E6-92F4-4BABAB4F7094}.Release|Any CPU.ActiveCfg = Release|Any CPU
		{54635EBA-94D9-45E6-92F4-4BABAB4F7094}.Release|Any CPU.Build.0 = Release|Any CPU
		{218B8A3F-8E21-47CC-BBB1-95F399FA4782}.Debug|Any CPU.ActiveCfg = Debug|Any CPU
		{218B8A3F-8E21-47CC-BBB1-95F399FA4782}.Debug|Any CPU.Build.0 = Debug|Any CPU
		{218B8A3F-8E21-47CC-BBB1-95F399FA4782}.Release|Any CPU.ActiveCfg = Release|Any CPU
		{218B8A3F-8E21-47CC-BBB1-95F399FA4782}.Release|Any CPU.Build.0 = Release|Any CPU
		{607B0C51-54D8-404E-96C5-CE03D3F247BF}.Debug|Any CPU.ActiveCfg = Debug|Any CPU
		{607B0C51-54D8-404E-96C5-CE03D3F247BF}.Debug|Any CPU.Build.0 = Debug|Any CPU
		{607B0C51-54D8-404E-96C5-CE03D3F247BF}.Release|Any CPU.ActiveCfg = Release|Any CPU
		{607B0C51-54D8-404E-96C5-CE03D3F247BF}.Release|Any CPU.Build.0 = Release|Any CPU
		{0C5BDFDE-3ACD-4087-BB19-73BB1900F08D}.Debug|Any CPU.ActiveCfg = Debug|Any CPU
		{0C5BDFDE-3ACD-4087-BB19-73BB1900F08D}.Debug|Any CPU.Build.0 = Debug|Any CPU
		{0C5BDFDE-3ACD-4087-BB19-73BB1900F08D}.Release|Any CPU.ActiveCfg = Release|Any CPU
		{0C5BDFDE-3ACD-4087-BB19-73BB1900F08D}.Release|Any CPU.Build.0 = Release|Any CPU
		{AD08728E-226E-4828-8BC0-A1A933C6BEC4}.Debug|Any CPU.ActiveCfg = Debug|Any CPU
		{AD08728E-226E-4828-8BC0-A1A933C6BEC4}.Debug|Any CPU.Build.0 = Debug|Any CPU
		{AD08728E-226E-4828-8BC0-A1A933C6BEC4}.Release|Any CPU.ActiveCfg = Release|Any CPU
		{AD08728E-226E-4828-8BC0-A1A933C6BEC4}.Release|Any CPU.Build.0 = Release|Any CPU
		{0121311E-EA5C-4387-898D-6A0A10834571}.Debug|Any CPU.ActiveCfg = Debug|Any CPU
		{0121311E-EA5C-4387-898D-6A0A10834571}.Debug|Any CPU.Build.0 = Debug|Any CPU
		{0121311E-EA5C-4387-898D-6A0A10834571}.Release|Any CPU.ActiveCfg = Release|Any CPU
		{0121311E-EA5C-4387-898D-6A0A10834571}.Release|Any CPU.Build.0 = Release|Any CPU
		{AE213C52-1FE6-454D-B2E8-0C2ADDB25085}.Debug|Any CPU.ActiveCfg = Debug|Any CPU
		{AE213C52-1FE6-454D-B2E8-0C2ADDB25085}.Debug|Any CPU.Build.0 = Debug|Any CPU
		{AE213C52-1FE6-454D-B2E8-0C2ADDB25085}.Release|Any CPU.ActiveCfg = Release|Any CPU
		{AE213C52-1FE6-454D-B2E8-0C2ADDB25085}.Release|Any CPU.Build.0 = Release|Any CPU
		{78336AEE-80DF-4894-BE06-E2676F607614}.Debug|Any CPU.ActiveCfg = Debug|Any CPU
		{78336AEE-80DF-4894-BE06-E2676F607614}.Debug|Any CPU.Build.0 = Debug|Any CPU
		{78336AEE-80DF-4894-BE06-E2676F607614}.Release|Any CPU.ActiveCfg = Release|Any CPU
		{78336AEE-80DF-4894-BE06-E2676F607614}.Release|Any CPU.Build.0 = Release|Any CPU
		{23BAB539-C46F-438D-BDAD-418B8EAC070A}.Debug|Any CPU.ActiveCfg = Debug|Any CPU
		{23BAB539-C46F-438D-BDAD-418B8EAC070A}.Debug|Any CPU.Build.0 = Debug|Any CPU
		{23BAB539-C46F-438D-BDAD-418B8EAC070A}.Release|Any CPU.ActiveCfg = Release|Any CPU
		{23BAB539-C46F-438D-BDAD-418B8EAC070A}.Release|Any CPU.Build.0 = Release|Any CPU
		{AB8E1D01-8A69-41C5-8AA2-50448FDB654F}.Debug|Any CPU.ActiveCfg = Debug|Any CPU
		{AB8E1D01-8A69-41C5-8AA2-50448FDB654F}.Debug|Any CPU.Build.0 = Debug|Any CPU
		{AB8E1D01-8A69-41C5-8AA2-50448FDB654F}.Release|Any CPU.ActiveCfg = Release|Any CPU
		{AB8E1D01-8A69-41C5-8AA2-50448FDB654F}.Release|Any CPU.Build.0 = Release|Any CPU
		{244324F8-DF3A-4D46-A267-913440D81AA7}.Debug|Any CPU.ActiveCfg = Debug|Any CPU
		{244324F8-DF3A-4D46-A267-913440D81AA7}.Debug|Any CPU.Build.0 = Debug|Any CPU
		{244324F8-DF3A-4D46-A267-913440D81AA7}.Release|Any CPU.ActiveCfg = Release|Any CPU
		{244324F8-DF3A-4D46-A267-913440D81AA7}.Release|Any CPU.Build.0 = Release|Any CPU
		{38666E07-2269-4485-B731-B7A6431F6B8A}.Debug|Any CPU.ActiveCfg = Debug|Any CPU
		{38666E07-2269-4485-B731-B7A6431F6B8A}.Debug|Any CPU.Build.0 = Debug|Any CPU
		{38666E07-2269-4485-B731-B7A6431F6B8A}.Release|Any CPU.ActiveCfg = Release|Any CPU
		{38666E07-2269-4485-B731-B7A6431F6B8A}.Release|Any CPU.Build.0 = Release|Any CPU
		{D9CCED42-A9C1-4C59-B057-19345B0D7615}.Debug|Any CPU.ActiveCfg = Debug|Any CPU
		{D9CCED42-A9C1-4C59-B057-19345B0D7615}.Debug|Any CPU.Build.0 = Debug|Any CPU
		{D9CCED42-A9C1-4C59-B057-19345B0D7615}.Release|Any CPU.ActiveCfg = Release|Any CPU
		{D9CCED42-A9C1-4C59-B057-19345B0D7615}.Release|Any CPU.Build.0 = Release|Any CPU
		{6B8A1AD4-48B2-4658-8083-2FED982E8FE9}.Debug|Any CPU.ActiveCfg = Debug|Any CPU
		{6B8A1AD4-48B2-4658-8083-2FED982E8FE9}.Debug|Any CPU.Build.0 = Debug|Any CPU
		{6B8A1AD4-48B2-4658-8083-2FED982E8FE9}.Release|Any CPU.ActiveCfg = Release|Any CPU
		{6B8A1AD4-48B2-4658-8083-2FED982E8FE9}.Release|Any CPU.Build.0 = Release|Any CPU
		{171F0D87-2E7F-40DC-BAF4-94A0F0C1826B}.Debug|Any CPU.ActiveCfg = Debug|Any CPU
		{171F0D87-2E7F-40DC-BAF4-94A0F0C1826B}.Debug|Any CPU.Build.0 = Debug|Any CPU
		{171F0D87-2E7F-40DC-BAF4-94A0F0C1826B}.Release|Any CPU.ActiveCfg = Release|Any CPU
		{171F0D87-2E7F-40DC-BAF4-94A0F0C1826B}.Release|Any CPU.Build.0 = Release|Any CPU
		{784D14EB-31D7-464C-9A56-A9592022AD77}.Debug|Any CPU.ActiveCfg = Debug|Any CPU
		{784D14EB-31D7-464C-9A56-A9592022AD77}.Debug|Any CPU.Build.0 = Debug|Any CPU
		{784D14EB-31D7-464C-9A56-A9592022AD77}.Release|Any CPU.ActiveCfg = Release|Any CPU
		{784D14EB-31D7-464C-9A56-A9592022AD77}.Release|Any CPU.Build.0 = Release|Any CPU
		{C0A85A7B-CBF3-419D-8B43-C6CB0A2AA960}.Debug|Any CPU.ActiveCfg = Debug|Any CPU
		{C0A85A7B-CBF3-419D-8B43-C6CB0A2AA960}.Debug|Any CPU.Build.0 = Debug|Any CPU
		{C0A85A7B-CBF3-419D-8B43-C6CB0A2AA960}.Release|Any CPU.ActiveCfg = Release|Any CPU
		{C0A85A7B-CBF3-419D-8B43-C6CB0A2AA960}.Release|Any CPU.Build.0 = Release|Any CPU
		{BA933B7D-4550-4DD7-A1A8-4942A9194F89}.Debug|Any CPU.ActiveCfg = Debug|Any CPU
		{BA933B7D-4550-4DD7-A1A8-4942A9194F89}.Debug|Any CPU.Build.0 = Debug|Any CPU
		{BA933B7D-4550-4DD7-A1A8-4942A9194F89}.Release|Any CPU.ActiveCfg = Release|Any CPU
		{BA933B7D-4550-4DD7-A1A8-4942A9194F89}.Release|Any CPU.Build.0 = Release|Any CPU
		{0DDF6D00-E8C6-4969-B8C0-31B3A9DA22A6}.Debug|Any CPU.ActiveCfg = Debug|Any CPU
		{0DDF6D00-E8C6-4969-B8C0-31B3A9DA22A6}.Debug|Any CPU.Build.0 = Debug|Any CPU
		{0DDF6D00-E8C6-4969-B8C0-31B3A9DA22A6}.Release|Any CPU.ActiveCfg = Release|Any CPU
		{0DDF6D00-E8C6-4969-B8C0-31B3A9DA22A6}.Release|Any CPU.Build.0 = Release|Any CPU
		{D2DF3389-5091-4FC0-843D-67B1CDC08EF7}.Debug|Any CPU.ActiveCfg = Debug|Any CPU
		{D2DF3389-5091-4FC0-843D-67B1CDC08EF7}.Debug|Any CPU.Build.0 = Debug|Any CPU
		{D2DF3389-5091-4FC0-843D-67B1CDC08EF7}.Release|Any CPU.ActiveCfg = Release|Any CPU
		{D2DF3389-5091-4FC0-843D-67B1CDC08EF7}.Release|Any CPU.Build.0 = Release|Any CPU
		{427781B9-62FF-4DB7-8958-8C10AA8D4EF3}.Debug|Any CPU.ActiveCfg = Debug|Any CPU
		{427781B9-62FF-4DB7-8958-8C10AA8D4EF3}.Debug|Any CPU.Build.0 = Debug|Any CPU
		{427781B9-62FF-4DB7-8958-8C10AA8D4EF3}.Release|Any CPU.ActiveCfg = Release|Any CPU
		{427781B9-62FF-4DB7-8958-8C10AA8D4EF3}.Release|Any CPU.Build.0 = Release|Any CPU
		{BAC6EE77-DACC-4264-9840-0558F3D0FF38}.Debug|Any CPU.ActiveCfg = Debug|Any CPU
		{BAC6EE77-DACC-4264-9840-0558F3D0FF38}.Debug|Any CPU.Build.0 = Debug|Any CPU
		{BAC6EE77-DACC-4264-9840-0558F3D0FF38}.Release|Any CPU.ActiveCfg = Release|Any CPU
		{BAC6EE77-DACC-4264-9840-0558F3D0FF38}.Release|Any CPU.Build.0 = Release|Any CPU
		{2CB165C9-3869-41E4-84FF-E072BE5424CF}.Debug|Any CPU.ActiveCfg = Debug|Any CPU
		{2CB165C9-3869-41E4-84FF-E072BE5424CF}.Debug|Any CPU.Build.0 = Debug|Any CPU
		{2CB165C9-3869-41E4-84FF-E072BE5424CF}.Release|Any CPU.ActiveCfg = Release|Any CPU
		{2CB165C9-3869-41E4-84FF-E072BE5424CF}.Release|Any CPU.Build.0 = Release|Any CPU
		{A5A2F461-EDF1-48B2-A85D-87B8C11A2E9F}.Debug|Any CPU.ActiveCfg = Debug|Any CPU
		{A5A2F461-EDF1-48B2-A85D-87B8C11A2E9F}.Debug|Any CPU.Build.0 = Debug|Any CPU
		{A5A2F461-EDF1-48B2-A85D-87B8C11A2E9F}.Release|Any CPU.ActiveCfg = Release|Any CPU
		{A5A2F461-EDF1-48B2-A85D-87B8C11A2E9F}.Release|Any CPU.Build.0 = Release|Any CPU
		{4F7EF626-B7EE-43B0-93D5-4DE08BD0C62A}.Debug|Any CPU.ActiveCfg = Debug|Any CPU
		{4F7EF626-B7EE-43B0-93D5-4DE08BD0C62A}.Debug|Any CPU.Build.0 = Debug|Any CPU
		{4F7EF626-B7EE-43B0-93D5-4DE08BD0C62A}.Release|Any CPU.ActiveCfg = Release|Any CPU
		{4F7EF626-B7EE-43B0-93D5-4DE08BD0C62A}.Release|Any CPU.Build.0 = Release|Any CPU
		{F097C4BB-6E3A-42A1-9481-2958F0AA238D}.Debug|Any CPU.ActiveCfg = Debug|Any CPU
		{F097C4BB-6E3A-42A1-9481-2958F0AA238D}.Debug|Any CPU.Build.0 = Debug|Any CPU
		{F097C4BB-6E3A-42A1-9481-2958F0AA238D}.Release|Any CPU.ActiveCfg = Release|Any CPU
		{F097C4BB-6E3A-42A1-9481-2958F0AA238D}.Release|Any CPU.Build.0 = Release|Any CPU
		{167CF460-96E8-4ABA-8C80-F62AB477E528}.Debug|Any CPU.ActiveCfg = Debug|Any CPU
		{167CF460-96E8-4ABA-8C80-F62AB477E528}.Debug|Any CPU.Build.0 = Debug|Any CPU
		{167CF460-96E8-4ABA-8C80-F62AB477E528}.Release|Any CPU.ActiveCfg = Release|Any CPU
		{167CF460-96E8-4ABA-8C80-F62AB477E528}.Release|Any CPU.Build.0 = Release|Any CPU
		{C7A54388-C316-45B7-84B6-082447F2D0AB}.Debug|Any CPU.ActiveCfg = Debug|Any CPU
		{C7A54388-C316-45B7-84B6-082447F2D0AB}.Debug|Any CPU.Build.0 = Debug|Any CPU
		{C7A54388-C316-45B7-84B6-082447F2D0AB}.Release|Any CPU.ActiveCfg = Release|Any CPU
		{C7A54388-C316-45B7-84B6-082447F2D0AB}.Release|Any CPU.Build.0 = Release|Any CPU
		{A64A9A5C-4F8F-457F-9C32-9AECB4DAEDFC}.Debug|Any CPU.ActiveCfg = Debug|Any CPU
		{A64A9A5C-4F8F-457F-9C32-9AECB4DAEDFC}.Debug|Any CPU.Build.0 = Debug|Any CPU
		{A64A9A5C-4F8F-457F-9C32-9AECB4DAEDFC}.Release|Any CPU.ActiveCfg = Release|Any CPU
		{A64A9A5C-4F8F-457F-9C32-9AECB4DAEDFC}.Release|Any CPU.Build.0 = Release|Any CPU
		{916B6026-D97E-4DB3-ABDA-26C932AFC897}.Debug|Any CPU.ActiveCfg = Debug|Any CPU
		{916B6026-D97E-4DB3-ABDA-26C932AFC897}.Debug|Any CPU.Build.0 = Debug|Any CPU
		{916B6026-D97E-4DB3-ABDA-26C932AFC897}.Release|Any CPU.ActiveCfg = Release|Any CPU
		{916B6026-D97E-4DB3-ABDA-26C932AFC897}.Release|Any CPU.Build.0 = Release|Any CPU
		{A951E473-7456-4076-BA33-8BC7A347EAA2}.Debug|Any CPU.ActiveCfg = Debug|Any CPU
		{A951E473-7456-4076-BA33-8BC7A347EAA2}.Debug|Any CPU.Build.0 = Debug|Any CPU
		{A951E473-7456-4076-BA33-8BC7A347EAA2}.Release|Any CPU.ActiveCfg = Release|Any CPU
		{A951E473-7456-4076-BA33-8BC7A347EAA2}.Release|Any CPU.Build.0 = Release|Any CPU
		{1816CFA8-17E7-46D8-8245-8106EDDA9531}.Debug|Any CPU.ActiveCfg = Debug|Any CPU
		{1816CFA8-17E7-46D8-8245-8106EDDA9531}.Debug|Any CPU.Build.0 = Debug|Any CPU
		{1816CFA8-17E7-46D8-8245-8106EDDA9531}.Release|Any CPU.ActiveCfg = Release|Any CPU
		{1816CFA8-17E7-46D8-8245-8106EDDA9531}.Release|Any CPU.Build.0 = Release|Any CPU
		{E3D43EC3-9ECD-4B13-8FF3-883A7BE65346}.Debug|Any CPU.ActiveCfg = Debug|Any CPU
		{E3D43EC3-9ECD-4B13-8FF3-883A7BE65346}.Debug|Any CPU.Build.0 = Debug|Any CPU
		{E3D43EC3-9ECD-4B13-8FF3-883A7BE65346}.Release|Any CPU.ActiveCfg = Release|Any CPU
		{E3D43EC3-9ECD-4B13-8FF3-883A7BE65346}.Release|Any CPU.Build.0 = Release|Any CPU
		{1CBC7B59-7128-4A35-8A41-53BB08CEF3E9}.Debug|Any CPU.ActiveCfg = Debug|Any CPU
		{1CBC7B59-7128-4A35-8A41-53BB08CEF3E9}.Debug|Any CPU.Build.0 = Debug|Any CPU
		{1CBC7B59-7128-4A35-8A41-53BB08CEF3E9}.Release|Any CPU.ActiveCfg = Release|Any CPU
		{1CBC7B59-7128-4A35-8A41-53BB08CEF3E9}.Release|Any CPU.Build.0 = Release|Any CPU
		{0FFD7F1E-08D0-4D5C-913C-C67BD3A3CB6B}.Debug|Any CPU.ActiveCfg = Debug|Any CPU
		{0FFD7F1E-08D0-4D5C-913C-C67BD3A3CB6B}.Debug|Any CPU.Build.0 = Debug|Any CPU
		{0FFD7F1E-08D0-4D5C-913C-C67BD3A3CB6B}.Release|Any CPU.ActiveCfg = Release|Any CPU
		{0FFD7F1E-08D0-4D5C-913C-C67BD3A3CB6B}.Release|Any CPU.Build.0 = Release|Any CPU
		{10DB1D9E-5C67-4F14-BFE4-82803CC66F9A}.Debug|Any CPU.ActiveCfg = Debug|Any CPU
		{10DB1D9E-5C67-4F14-BFE4-82803CC66F9A}.Debug|Any CPU.Build.0 = Debug|Any CPU
		{10DB1D9E-5C67-4F14-BFE4-82803CC66F9A}.Release|Any CPU.ActiveCfg = Release|Any CPU
		{10DB1D9E-5C67-4F14-BFE4-82803CC66F9A}.Release|Any CPU.Build.0 = Release|Any CPU
		{55E5C95A-622E-4FE2-87DE-91299166287F}.Debug|Any CPU.ActiveCfg = Debug|Any CPU
		{55E5C95A-622E-4FE2-87DE-91299166287F}.Debug|Any CPU.Build.0 = Debug|Any CPU
		{55E5C95A-622E-4FE2-87DE-91299166287F}.Release|Any CPU.ActiveCfg = Release|Any CPU
		{55E5C95A-622E-4FE2-87DE-91299166287F}.Release|Any CPU.Build.0 = Release|Any CPU
		{F87D0C83-2C4E-4BF9-A309-CA91947B0096}.Debug|Any CPU.ActiveCfg = Debug|Any CPU
		{F87D0C83-2C4E-4BF9-A309-CA91947B0096}.Debug|Any CPU.Build.0 = Debug|Any CPU
		{F87D0C83-2C4E-4BF9-A309-CA91947B0096}.Release|Any CPU.ActiveCfg = Release|Any CPU
		{F87D0C83-2C4E-4BF9-A309-CA91947B0096}.Release|Any CPU.Build.0 = Release|Any CPU
		{11713DFE-36E5-41DE-9CD3-B2D5F9E0E960}.Debug|Any CPU.ActiveCfg = Debug|Any CPU
		{11713DFE-36E5-41DE-9CD3-B2D5F9E0E960}.Debug|Any CPU.Build.0 = Debug|Any CPU
		{11713DFE-36E5-41DE-9CD3-B2D5F9E0E960}.Release|Any CPU.ActiveCfg = Release|Any CPU
		{11713DFE-36E5-41DE-9CD3-B2D5F9E0E960}.Release|Any CPU.Build.0 = Release|Any CPU
		{A203F478-175B-4217-9EC3-5E567267634C}.Debug|Any CPU.ActiveCfg = Debug|Any CPU
		{A203F478-175B-4217-9EC3-5E567267634C}.Debug|Any CPU.Build.0 = Debug|Any CPU
		{A203F478-175B-4217-9EC3-5E567267634C}.Release|Any CPU.ActiveCfg = Release|Any CPU
		{A203F478-175B-4217-9EC3-5E567267634C}.Release|Any CPU.Build.0 = Release|Any CPU
		{D1AB13DE-DB94-4F71-A677-28AB1A4ACA33}.Debug|Any CPU.ActiveCfg = Debug|Any CPU
		{D1AB13DE-DB94-4F71-A677-28AB1A4ACA33}.Debug|Any CPU.Build.0 = Debug|Any CPU
		{D1AB13DE-DB94-4F71-A677-28AB1A4ACA33}.Release|Any CPU.ActiveCfg = Release|Any CPU
		{D1AB13DE-DB94-4F71-A677-28AB1A4ACA33}.Release|Any CPU.Build.0 = Release|Any CPU
	EndGlobalSection
	GlobalSection(SolutionProperties) = preSolution
		HideSolutionNode = FALSE
	EndGlobalSection
	GlobalSection(ExtensibilityGlobals) = postSolution
		SolutionGuid = {A26743C9-36FA-4A59-B1B3-91300F183471}
	EndGlobalSection
EndGlobal
