
Microsoft Visual Studio Solution File, Format Version 12.00
# Visual Studio Version 17
VisualStudioVersion = 17.10.35027.167
MinimumVisualStudioVersion = 10.0.40219.1
Project("{FAE04EC0-301F-11D3-BF4B-00C04F79EFBC}") = "1_Calculator App", "1_Calculator App\1_Calculator App.csproj", "{1225AA02-2AE1-4AD2-96EA-C877F2EC3338}"
EndProject
Project("{FAE04EC0-301F-11D3-BF4B-00C04F79EFBC}") = "0_Introduction", "0_Introduction\0_Introduction.csproj", "{76B0BF1F-9EC2-46FD-B09E-6E37C6FCADA4}"
EndProject
Project("{FAE04EC0-301F-11D3-BF4B-00C04F79EFBC}") = "2_DataTypes", "2_DataTypes\2_DataTypes.csproj", "{650F29D0-7F59-459D-A3D3-71400028E06B}"
EndProject
Project("{FAE04EC0-301F-11D3-BF4B-00C04F79EFBC}") = "3_StringFunction", "3_StringFunction\3_StringFunction.csproj", "{CAADB3BA-134A-4A6C-A237-F1B858F52123}"
EndProject
Global
	GlobalSection(SolutionConfigurationPlatforms) = preSolution
		Debug|Any CPU = Debug|Any CPU
		Release|Any CPU = Release|Any CPU
	EndGlobalSection
	GlobalSection(ProjectConfigurationPlatforms) = postSolution
		{1225AA02-2AE1-4AD2-96EA-C877F2EC3338}.Debug|Any CPU.ActiveCfg = Debug|Any CPU
		{1225AA02-2AE1-4AD2-96EA-C877F2EC3338}.Debug|Any CPU.Build.0 = Debug|Any CPU
		{1225AA02-2AE1-4AD2-96EA-C877F2EC3338}.Release|Any CPU.ActiveCfg = Release|Any CPU
		{1225AA02-2AE1-4AD2-96EA-C877F2EC3338}.Release|Any CPU.Build.0 = Release|Any CPU
		{76B0BF1F-9EC2-46FD-B09E-6E37C6FCADA4}.Debug|Any CPU.ActiveCfg = Debug|Any CPU
		{76B0BF1F-9EC2-46FD-B09E-6E37C6FCADA4}.Debug|Any CPU.Build.0 = Debug|Any CPU
		{76B0BF1F-9EC2-46FD-B09E-6E37C6FCADA4}.Release|Any CPU.ActiveCfg = Release|Any CPU
		{76B0BF1F-9EC2-46FD-B09E-6E37C6FCADA4}.Release|Any CPU.Build.0 = Release|Any CPU
		{650F29D0-7F59-459D-A3D3-71400028E06B}.Debug|Any CPU.ActiveCfg = Debug|Any CPU
		{650F29D0-7F59-459D-A3D3-71400028E06B}.Debug|Any CPU.Build.0 = Debug|Any CPU
		{650F29D0-7F59-459D-A3D3-71400028E06B}.Release|Any CPU.ActiveCfg = Release|Any CPU
		{650F29D0-7F59-459D-A3D3-71400028E06B}.Release|Any CPU.Build.0 = Release|Any CPU
		{CAADB3BA-134A-4A6C-A237-F1B858F52123}.Debug|Any CPU.ActiveCfg = Debug|Any CPU
		{CAADB3BA-134A-4A6C-A237-F1B858F52123}.Debug|Any CPU.Build.0 = Debug|Any CPU
		{CAADB3BA-134A-4A6C-A237-F1B858F52123}.Release|Any CPU.ActiveCfg = Release|Any CPU
		{CAADB3BA-134A-4A6C-A237-F1B858F52123}.Release|Any CPU.Build.0 = Release|Any CPU
	EndGlobalSection
	GlobalSection(SolutionProperties) = preSolution
		HideSolutionNode = FALSE
	EndGlobalSection
	GlobalSection(ExtensibilityGlobals) = postSolution
		SolutionGuid = {A26743C9-36FA-4A59-B1B3-91300F183471}
	EndGlobalSection
EndGlobal
